{
    "_readme": [
        "This file locks the dependencies of your project to a known state",
        "Read more about it at https://getcomposer.org/doc/01-basic-usage.md#installing-dependencies",
        "This file is @generated automatically"
    ],
    "content-hash": "565ec203c2984371597aec161cdd5220",
    "packages": [
        {
            "name": "niefdev/nfuid",
            "version": "dev-master",
            "source": {
                "type": "git",
                "url": "https://github.com/niefdev/NFUID.git",
                "reference": "61585f6d667a013ba8946826cef1740d3d363551"
            },
            "dist": {
                "type": "zip",
                "url": "https://api.github.com/repos/niefdev/NFUID/zipball/61585f6d667a013ba8946826cef1740d3d363551",
                "reference": "61585f6d667a013ba8946826cef1740d3d363551",
                "shasum": ""
            },
            "require": {
                "php": ">=7.2"
            },
            "require-dev": {
                "phpunit/phpunit": "^9"
            },
            "default-branch": true,
            "type": "library",
            "autoload": {
                "psr-4": {
                    "NFUID\\": "src/"
                }
            },
            "notification-url": "https://packagist.org/downloads/",
            "license": [
                "MIT"
            ],
            "authors": [
                {
                    "name": "niefdev",
                    "email": "niefdev@gmail.com"
                }
            ],
            "description": "A compact PHP library for generating and decoding unique, URL-safe IDs using timestamps and random entropy.",
            "homepage": "https://github.com/niefdev/nfuid",
            "keywords": [
                "UID",
                "entropy",
                "generator",
                "nfuid",
                "timestamp",
                "unique-id"
            ],
            "support": {
                "issues": "https://github.com/niefdev/nfuid/issues",
                "source": "https://github.com/niefdev/nfuid"
            },
            "time": "2025-05-23T07:50:20+00:00"
        }
    ],
    "packages-dev": [],
    "aliases": [],
    "minimum-stability": "stable",
    "stability-flags": {
        "niefdev/nfuid": 20
    },
    "prefer-stable": false,
    "prefer-lowest": false,
    "platform": {},
    "platform-dev": {},
    "plugin-api-version": "2.6.0"
}
